{
  "name": "try",
  "version": "1.0.0",
  "lockfileVersion": 1,
  "requires": true,
  "dependencies": {
    "@vertx/auth-common": {
      "version": "3.8.5",
      "resolved": "https://registry.npmjs.org/@vertx/auth-common/-/auth-common-3.8.5.tgz",
      "integrity": "sha512-5m4O6SpxSlkX19bAJmg/K83irlle4tT8oTcp61+pozrTyONZqzsm+FIedtsEC/ttE91Wq+DmF8Png/s7nTh14A==",
      "requires": {
        "@vertx/core": "3.8.5"
      }
    },
    "@vertx/bridge-common": {
      "version": "3.8.5",
      "resolved": "https://registry.npmjs.org/@vertx/bridge-common/-/bridge-common-3.8.5.tgz",
      "integrity": "sha512-0mTpmDMckl8jcOSxXXPn/GfhEkaymPRgjVtDvfaao1qvVLESzkEhOF9/LHLcoL+dXy1udHjZGYLGVgY8IZs9xw==",
      "requires": {
        "@vertx/core": "3.8.5"
      }
    },
    "@vertx/core": {
      "version": "3.8.5",
      "resolved": "https://registry.npmjs.org/@vertx/core/-/core-3.8.5.tgz",
      "integrity": "sha512-eSj5wHbpCJsEBz/z7KzUMtBracCzQO85Nui6+7oWAo3v25vKID77ksCGYEtEoMlk6+LxZd9aJT0YMkhMjDKcdw=="
    },
    "@vertx/unit": {
      "version": "3.8.5",
      "resolved": "https://registry.npmjs.org/@vertx/unit/-/unit-3.8.5.tgz",
      "integrity": "sha512-zy5Oo0n9LwuqZdiU2MrOqc0IuuPrxIZju+5+jwEiVydoOxf1Jrrm9FAOP9lY6ZhYzBnHL1N9uSIWdk4l8MwrqA==",
      "dev": true,
      "requires": {
        "@vertx/core": "3.8.5"
      }
    },
    "@vertx/web": {
      "version": "3.8.5",
      "resolved": "https://registry.npmjs.org/@vertx/web/-/web-3.8.5.tgz",
      "integrity": "sha512-MSOt8Hg/cuD6mt7bqfzGok8At4NlxUg6WjyLh5cG9TqlH5GOwJofxKmm3WekIkywvzmCy3PpBbCK7SOvxO2Itg==",
      "requires": {
        "@vertx/auth-common": "3.8.5",
        "@vertx/bridge-common": "3.8.5",
        "@vertx/core": "3.8.5",
        "@vertx/web-common": "3.8.5"
      }
    },
    "@vertx/web-common": {
      "version": "3.8.5",
      "resolved": "https://registry.npmjs.org/@vertx/web-common/-/web-common-3.8.5.tgz",
      "integrity": "sha512-KcVtgn80C04YenkM1DWMiFRQaWxTA3k6cJdbYp19POTzbDnyVRUROW0UIshF1ZRIKKBNsxwVGYcERqZi/CssIA==",
      "requires": {
        "@vertx/core": "3.8.5"
      }
    }
  }
}
